
Microsoft Visual Studio Solution File, Format Version 12.00
# Visual Studio Version 17
VisualStudioVersion = 17.1.32421.90
MinimumVisualStudioVersion = 10.0.40219.1
Project("{9A19103F-16F7-4668-BE54-9A1E7A4F7556}") = "mm-bot", "mm-bot\mm-bot.csproj", "{B0B80EA0-CB2B-4C2D-83D8-5EC9837C0351}"
EndProject
Project("{9A19103F-16F7-4668-BE54-9A1E7A4F7556}") = "mmTransactionDB", "mmTransactionDB\mmTransactionDB.csproj", "{F1F5E34B-C435-4CFF-8A4C-DE5A8B7B8974}"
EndProject
Global
	GlobalSection(SolutionConfigurationPlatforms) = preSolution
		Debug|Any CPU = Debug|Any CPU
		Release|Any CPU = Release|Any CPU
	EndGlobalSection
	GlobalSection(ProjectConfigurationPlatforms) = postSolution
		{B0B80EA0-CB2B-4C2D-83D8-5EC9837C0351}.Debug|Any CPU.ActiveCfg = Debug|Any CPU
		{B0B80EA0-CB2B-4C2D-83D8-5EC9837C0351}.Debug|Any CPU.Build.0 = Debug|Any CPU
		{B0B80EA0-CB2B-4C2D-83D8-5EC9837C0351}.Release|Any CPU.ActiveCfg = Release|Any CPU
		{B0B80EA0-CB2B-4C2D-83D8-5EC9837C0351}.Release|Any CPU.Build.0 = Release|Any CPU
		{F1F5E34B-C435-4CFF-8A4C-DE5A8B7B8974}.Debug|Any CPU.ActiveCfg = Debug|Any CPU
		{F1F5E34B-C435-4CFF-8A4C-DE5A8B7B8974}.Debug|Any CPU.Build.0 = Debug|Any CPU
		{F1F5E34B-C435-4CFF-8A4C-DE5A8B7B8974}.Release|Any CPU.ActiveCfg = Release|Any CPU
		{F1F5E34B-C435-4CFF-8A4C-DE5A8B7B8974}.Release|Any CPU.Build.0 = Release|Any CPU
	EndGlobalSection
	GlobalSection(SolutionProperties) = preSolution
		HideSolutionNode = FALSE
	EndGlobalSection
	GlobalSection(ExtensibilityGlobals) = postSolution
		SolutionGuid = {C9FC1E8B-222D-4772-8095-C115DBB22F6A}
	EndGlobalSection
EndGlobal
